
Microsoft Visual Studio Solution File, Format Version 12.00
# Visual Studio Version 17
VisualStudioVersion = 17.10.35122.118
MinimumVisualStudioVersion = 10.0.40219.1
Project("{FAE04EC0-301F-11D3-BF4B-00C04F79EFBC}") = "Menu", "Menu.csproj", "{8DF6C552-B99D-4333-8140-8E414974198A}"
EndProject
Global
	GlobalSection(SolutionConfigurationPlatforms) = preSolution
		Debug|Any CPU = Debug|Any CPU
		Release|Any CPU = Release|Any CPU
	EndGlobalSection
	GlobalSection(ProjectConfigurationPlatforms) = postSolution
		{8DF6C552-B99D-4333-8140-8E414974198A}.Debug|Any CPU.ActiveCfg = Debug|Any CPU
		{8DF6C552-B99D-4333-8140-8E414974198A}.Debug|Any CPU.Build.0 = Debug|Any CPU
		{8DF6C552-B99D-4333-8140-8E414974198A}.Release|Any CPU.ActiveCfg = Release|Any CPU
		{8DF6C552-B99D-4333-8140-8E414974198A}.Release|Any CPU.Build.0 = Release|Any CPU
	EndGlobalSection
	GlobalSection(SolutionProperties) = preSolution
		HideSolutionNode = FALSE
	EndGlobalSection
	GlobalSection(ExtensibilityGlobals) = postSolution
		SolutionGuid = {0964934B-6487-4B08-89DB-C2A341CA9027}
	EndGlobalSection
EndGlobal
